
Microsoft Visual Studio Solution File, Format Version 12.00
# Visual Studio 15
VisualStudioVersion = 15.0.28307.852
MinimumVisualStudioVersion = 10.0.40219.1
Project("{888888A0-9F3D-457C-B088-3A5042F75D52}") = "CodingGameChuckNorris", "CodingGameChuckNorris\CodingGameChuckNorris.pyproj", "{4C57E536-6D64-4DD4-BC3A-C7AF6DD2EE8D}"
EndProject
Global
	GlobalSection(SolutionConfigurationPlatforms) = preSolution
		Debug|Any CPU = Debug|Any CPU
		Release|Any CPU = Release|Any CPU
	EndGlobalSection
	GlobalSection(ProjectConfigurationPlatforms) = postSolution
		{4C57E536-6D64-4DD4-BC3A-C7AF6DD2EE8D}.Debug|Any CPU.ActiveCfg = Debug|Any CPU
		{4C57E536-6D64-4DD4-BC3A-C7AF6DD2EE8D}.Release|Any CPU.ActiveCfg = Release|Any CPU
	EndGlobalSection
	GlobalSection(SolutionProperties) = preSolution
		HideSolutionNode = FALSE
	EndGlobalSection
	GlobalSection(ExtensibilityGlobals) = postSolution
		SolutionGuid = {DF8AEAAC-0E8B-4A78-9FA6-DE2A59B04E2B}
	EndGlobalSection
EndGlobal
